Microsoft Visual Studio Solution File, Format Version 12.00
# Visual Studio 2012
Project("{FAE04EC0-301F-11D3-BF4B-00C04F79EFBC}") = "Restaurant Manager Tycoon", "Restaurant Manager Tycoon.csproj", "{2BDB3B44-FFDB-41ED-AAD1-A73C846A635F}"
EndProject
Global
	GlobalSection(SolutionConfigurationPlatforms) = preSolution
	Debug|Any CPU = Debug|Any CPU
	ExportDebug|Any CPU = ExportDebug|Any CPU
	ExportRelease|Any CPU = ExportRelease|Any CPU
	EndGlobalSection
	GlobalSection(ProjectConfigurationPlatforms) = postSolution
		{2BDB3B44-FFDB-41ED-AAD1-A73C846A635F}.Debug|Any CPU.ActiveCfg = Debug|Any CPU
		{2BDB3B44-FFDB-41ED-AAD1-A73C846A635F}.Debug|Any CPU.Build.0 = Debug|Any CPU
		{2BDB3B44-FFDB-41ED-AAD1-A73C846A635F}.ExportDebug|Any CPU.ActiveCfg = ExportDebug|Any CPU
		{2BDB3B44-FFDB-41ED-AAD1-A73C846A635F}.ExportDebug|Any CPU.Build.0 = ExportDebug|Any CPU
		{2BDB3B44-FFDB-41ED-AAD1-A73C846A635F}.ExportRelease|Any CPU.ActiveCfg = ExportRelease|Any CPU
		{2BDB3B44-FFDB-41ED-AAD1-A73C846A635F}.ExportRelease|Any CPU.Build.0 = ExportRelease|Any CPU
	EndGlobalSection
EndGlobal
